// !$*UTF8*$!
{
	archiveVersion = 1;
	classes = {
	};
	objectVersion = 56;
	objects = {

/* Begin PBXBuildFile section */
		9FD8241D2AE1747C004B94D2 /* AppDelegate.swift in Sources */ = {isa = PBXBuildFile; fileRef = 9FD8241C2AE1747C004B94D2 /* AppDelegate.swift */; };
		9FD8241F2AE1747C004B94D2 /* SceneDelegate.swift in Sources */ = {isa = PBXBuildFile; fileRef = 9FD8241E2AE1747C004B94D2 /* SceneDelegate.swift */; };
		9FD824212AE1747C004B94D2 /* NoteListViewController.swift in Sources */ = {isa = PBXBuildFile; fileRef = 9FD824202AE1747C004B94D2 /* NoteListViewController.swift */; };
		9FD824262AE1747D004B94D2 /* Assets.xcassets in Resources */ = {isa = PBXBuildFile; fileRef = 9FD824252AE1747D004B94D2 /* Assets.xcassets */; };
		9FD824292AE1747D004B94D2 /* LaunchScreen.storyboard in Resources */ = {isa = PBXBuildFile; fileRef = 9FD824272AE1747D004B94D2 /* LaunchScreen.storyboard */; };
		9FD824322AE179CC004B94D2 /* NoteTitleTableViewCell.swift in Sources */ = {isa = PBXBuildFile; fileRef = 9FD824312AE179CC004B94D2 /* NoteTitleTableViewCell.swift */; };
		9FD824352AE17C91004B94D2 /* Note.swift in Sources */ = {isa = PBXBuildFile; fileRef = 9FD824342AE17C91004B94D2 /* Note.swift */; };
		9FD824382AE1E55D004B94D2 /* NoteEditTableViewCell.swift in Sources */ = {isa = PBXBuildFile; fileRef = 9FD824372AE1E55D004B94D2 /* NoteEditTableViewCell.swift */; };
		9FD8243C2AE20142004B94D2 /* GoogleService-Info.plist in Resources */ = {isa = PBXBuildFile; fileRef = 9FD8243B2AE20142004B94D2 /* GoogleService-Info.plist */; };
		9FD8243F2AE20199004B94D2 /* FirebaseAuth in Frameworks */ = {isa = PBXBuildFile; productRef = 9FD8243E2AE20199004B94D2 /* FirebaseAuth */; };
		9FD824412AE20199004B94D2 /* FirebaseDatabase in Frameworks */ = {isa = PBXBuildFile; productRef = 9FD824402AE20199004B94D2 /* FirebaseDatabase */; };
		9FD824432AE20199004B94D2 /* FirebaseDatabaseSwift in Frameworks */ = {isa = PBXBuildFile; productRef = 9FD824422AE20199004B94D2 /* FirebaseDatabaseSwift */; };
		9FD824452AE2022C004B94D2 /* Api.swift in Sources */ = {isa = PBXBuildFile; fileRef = 9FD824442AE2022C004B94D2 /* Api.swift */; };
		9FD824472AE20246004B94D2 /* NoteApi.swift in Sources */ = {isa = PBXBuildFile; fileRef = 9FD824462AE20246004B94D2 /* NoteApi.swift */; };
		9FD8244B2AE21243004B94D2 /* SwiftyJSON in Frameworks */ = {isa = PBXBuildFile; productRef = 9FD8244A2AE21243004B94D2 /* SwiftyJSON */; };
/* End PBXBuildFile section */

/* Begin PBXFileReference section */
		9FD824192AE1747C004B94D2 /* flaxlabsnotes_uikit.app */ = {isa = PBXFileReference; explicitFileType = wrapper.application; includeInIndex = 0; path = flaxlabsnotes_uikit.app; sourceTree = BUILT_PRODUCTS_DIR; };
		9FD8241C2AE1747C004B94D2 /* AppDelegate.swift */ = {isa = PBXFileReference; lastKnownFileType = sourcecode.swift; path = AppDelegate.swift; sourceTree = "<group>"; };
		9FD8241E2AE1747C004B94D2 /* SceneDelegate.swift */ = {isa = PBXFileReference; lastKnownFileType = sourcecode.swift; path = SceneDelegate.swift; sourceTree = "<group>"; };
		9FD824202AE1747C004B94D2 /* NoteListViewController.swift */ = {isa = PBXFileReference; lastKnownFileType = sourcecode.swift; path = NoteListViewController.swift; sourceTree = "<group>"; };
		9FD824252AE1747D004B94D2 /* Assets.xcassets */ = {isa = PBXFileReference; lastKnownFileType = folder.assetcatalog; path = Assets.xcassets; sourceTree = "<group>"; };
		9FD824282AE1747D004B94D2 /* Base */ = {isa = PBXFileReference; lastKnownFileType = file.storyboard; name = Base; path = Base.lproj/LaunchScreen.storyboard; sourceTree = "<group>"; };
		9FD8242A2AE1747D004B94D2 /* Info.plist */ = {isa = PBXFileReference; lastKnownFileType = text.plist.xml; path = Info.plist; sourceTree = "<group>"; };
		9FD824312AE179CC004B94D2 /* NoteTitleTableViewCell.swift */ = {isa = PBXFileReference; lastKnownFileType = sourcecode.swift; path = NoteTitleTableViewCell.swift; sourceTree = "<group>"; };
		9FD824342AE17C91004B94D2 /* Note.swift */ = {isa = PBXFileReference; lastKnownFileType = sourcecode.swift; path = Note.swift; sourceTree = "<group>"; };
		9FD824372AE1E55D004B94D2 /* NoteEditTableViewCell.swift */ = {isa = PBXFileReference; lastKnownFileType = sourcecode.swift; path = NoteEditTableViewCell.swift; sourceTree = "<group>"; };
		9FD8243B2AE20142004B94D2 /* GoogleService-Info.plist */ = {isa = PBXFileReference; fileEncoding = 4; lastKnownFileType = text.plist.xml; path = "GoogleService-Info.plist"; sourceTree = "<group>"; };
		9FD824442AE2022C004B94D2 /* Api.swift */ = {isa = PBXFileReference; lastKnownFileType = sourcecode.swift; path = Api.swift; sourceTree = "<group>"; };
		9FD824462AE20246004B94D2 /* NoteApi.swift */ = {isa = PBXFileReference; lastKnownFileType = sourcecode.swift; path = NoteApi.swift; sourceTree = "<group>"; };
/* End PBXFileReference section */

/* Begin PBXFrameworksBuildPhase section */
		9FD824162AE1747C004B94D2 /* Frameworks */ = {
			isa = PBXFrameworksBuildPhase;
			buildActionMask = 2147483647;
			files = (
				9FD824432AE20199004B94D2 /* FirebaseDatabaseSwift in Frameworks */,
				9FD824412AE20199004B94D2 /* FirebaseDatabase in Frameworks */,
				9FD8244B2AE21243004B94D2 /* SwiftyJSON in Frameworks */,
				9FD8243F2AE20199004B94D2 /* FirebaseAuth in Frameworks */,
			);
			runOnlyForDeploymentPostprocessing = 0;
		};
/* End PBXFrameworksBuildPhase section */

/* Begin PBXGroup section */
		9FD824102AE1747C004B94D2 = {
			isa = PBXGroup;
			children = (
				9FD8241B2AE1747C004B94D2 /* flaxlabsnotes_uikit */,
				9FD8241A2AE1747C004B94D2 /* Products */,
			);
			sourceTree = "<group>";
		};
		9FD8241A2AE1747C004B94D2 /* Products */ = {
			isa = PBXGroup;
			children = (
				9FD824192AE1747C004B94D2 /* flaxlabsnotes_uikit.app */,
			);
			name = Products;
			sourceTree = "<group>";
		};
		9FD8241B2AE1747C004B94D2 /* flaxlabsnotes_uikit */ = {
			isa = PBXGroup;
			children = (
				9FD8241C2AE1747C004B94D2 /* AppDelegate.swift */,
				9FD8241E2AE1747C004B94D2 /* SceneDelegate.swift */,
				9FD824482AE2048F004B94D2 /* Apis */,
				9FD824362AE18023004B94D2 /* Model */,
				9FD824332AE17C89004B94D2 /* View */,
				9FD824302AE17897004B94D2 /* ViewController */,
				9FD824252AE1747D004B94D2 /* Assets.xcassets */,
				9FD824272AE1747D004B94D2 /* LaunchScreen.storyboard */,
				9FD8243B2AE20142004B94D2 /* GoogleService-Info.plist */,
				9FD8242A2AE1747D004B94D2 /* Info.plist */,
			);
			path = flaxlabsnotes_uikit;
			sourceTree = "<group>";
		};
		9FD824302AE17897004B94D2 /* ViewController */ = {
			isa = PBXGroup;
			children = (
				9FD824202AE1747C004B94D2 /* NoteListViewController.swift */,
			);
			path = ViewController;
			sourceTree = "<group>";
		};
		9FD824332AE17C89004B94D2 /* View */ = {
			isa = PBXGroup;
			children = (
				9FD824312AE179CC004B94D2 /* NoteTitleTableViewCell.swift */,
				9FD824372AE1E55D004B94D2 /* NoteEditTableViewCell.swift */,
			);
			path = View;
			sourceTree = "<group>";
		};
		9FD824362AE18023004B94D2 /* Model */ = {
			isa = PBXGroup;
			children = (
				9FD824342AE17C91004B94D2 /* Note.swift */,
			);
			path = Model;
			sourceTree = "<group>";
		};
		9FD824482AE2048F004B94D2 /* Apis */ = {
			isa = PBXGroup;
			children = (
				9FD824442AE2022C004B94D2 /* Api.swift */,
				9FD824462AE20246004B94D2 /* NoteApi.swift */,
			);
			path = Apis;
			sourceTree = "<group>";
		};
/* End PBXGroup section */

/* Begin PBXNativeTarget section */
		9FD824182AE1747C004B94D2 /* flaxlabsnotes_uikit */ = {
			isa = PBXNativeTarget;
			buildConfigurationList = 9FD8242D2AE1747D004B94D2 /* Build configuration list for PBXNativeTarget "flaxlabsnotes_uikit" */;
			buildPhases = (
				9FD824152AE1747C004B94D2 /* Sources */,
				9FD824162AE1747C004B94D2 /* Frameworks */,
				9FD824172AE1747C004B94D2 /* Resources */,
			);
			buildRules = (
			);
			dependencies = (
			);
			name = flaxlabsnotes_uikit;
			packageProductDependencies = (
				9FD8243E2AE20199004B94D2 /* FirebaseAuth */,
				9FD824402AE20199004B94D2 /* FirebaseDatabase */,
				9FD824422AE20199004B94D2 /* FirebaseDatabaseSwift */,
				9FD8244A2AE21243004B94D2 /* SwiftyJSON */,
			);
			productName = flaxlabsnotes_uikit;
			productReference = 9FD824192AE1747C004B94D2 /* flaxlabsnotes_uikit.app */;
			productType = "com.apple.product-type.application";
		};
/* End PBXNativeTarget section */

/* Begin PBXProject section */
		9FD824112AE1747C004B94D2 /* Project object */ = {
			isa = PBXProject;
			attributes = {
				BuildIndependentTargetsInParallel = 1;
				LastSwiftUpdateCheck = 1430;
				LastUpgradeCheck = 1430;
				TargetAttributes = {
					9FD824182AE1747C004B94D2 = {
						CreatedOnToolsVersion = 14.3;
					};
				};
			};
			buildConfigurationList = 9FD824142AE1747C004B94D2 /* Build configuration list for PBXProject "flaxlabsnotes_uikit" */;
			compatibilityVersion = "Xcode 14.0";
			developmentRegion = en;
			hasScannedForEncodings = 0;
			knownRegions = (
				en,
				Base,
			);
			mainGroup = 9FD824102AE1747C004B94D2;
			packageReferences = (
				9FD8243D2AE20199004B94D2 /* XCRemoteSwiftPackageReference "firebase-ios-sdk" */,
				9FD824492AE21243004B94D2 /* XCRemoteSwiftPackageReference "SwiftyJSON" */,
			);
			productRefGroup = 9FD8241A2AE1747C004B94D2 /* Products */;
			projectDirPath = "";
			projectRoot = "";
			targets = (
				9FD824182AE1747C004B94D2 /* flaxlabsnotes_uikit */,
			);
		};
/* End PBXProject section */

/* Begin PBXResourcesBuildPhase section */
		9FD824172AE1747C004B94D2 /* Resources */ = {
			isa = PBXResourcesBuildPhase;
			buildActionMask = 2147483647;
			files = (
				9FD824292AE1747D004B94D2 /* LaunchScreen.storyboard in Resources */,
				9FD824262AE1747D004B94D2 /* Assets.xcassets in Resources */,
				9FD8243C2AE20142004B94D2 /* GoogleService-Info.plist in Resources */,
			);
			runOnlyForDeploymentPostprocessing = 0;
		};
/* End PBXResourcesBuildPhase section */

/* Begin PBXSourcesBuildPhase section */
		9FD824152AE1747C004B94D2 /* Sources */ = {
			isa = PBXSourcesBuildPhase;
			buildActionMask = 2147483647;
			files = (
				9FD824472AE20246004B94D2 /* NoteApi.swift in Sources */,
				9FD824352AE17C91004B94D2 /* Note.swift in Sources */,
				9FD824382AE1E55D004B94D2 /* NoteEditTableViewCell.swift in Sources */,
				9FD824212AE1747C004B94D2 /* NoteListViewController.swift in Sources */,
				9FD8241D2AE1747C004B94D2 /* AppDelegate.swift in Sources */,
				9FD8241F2AE1747C004B94D2 /* SceneDelegate.swift in Sources */,
				9FD824452AE2022C004B94D2 /* Api.swift in Sources */,
				9FD824322AE179CC004B94D2 /* NoteTitleTableViewCell.swift in Sources */,
			);
			runOnlyForDeploymentPostprocessing = 0;
		};
/* End PBXSourcesBuildPhase section */

/* Begin PBXVariantGroup section */
		9FD824272AE1747D004B94D2 /* LaunchScreen.storyboard */ = {
			isa = PBXVariantGroup;
			children = (
				9FD824282AE1747D004B94D2 /* Base */,
			);
			name = LaunchScreen.storyboard;
			sourceTree = "<group>";
		};
/* End PBXVariantGroup section */

/* Begin XCBuildConfiguration section */
		9FD8242B2AE1747D004B94D2 /* Debug */ = {
			isa = XCBuildConfiguration;
			buildSettings = {
				ALWAYS_SEARCH_USER_PATHS = NO;
				CLANG_ANALYZER_NONNULL = YES;
				CLANG_ANALYZER_NUMBER_OBJECT_CONVERSION = YES_AGGRESSIVE;
				CLANG_CXX_LANGUAGE_STANDARD = "gnu++20";
				CLANG_ENABLE_MODULES = YES;
				CLANG_ENABLE_OBJC_ARC = YES;
				CLANG_ENABLE_OBJC_WEAK = YES;
				CLANG_WARN_BLOCK_CAPTURE_AUTORELEASING = YES;
				CLANG_WARN_BOOL_CONVERSION = YES;
				CLANG_WARN_COMMA = YES;
				CLANG_WARN_CONSTANT_CONVERSION = YES;
				CLANG_WARN_DEPRECATED_OBJC_IMPLEMENTATIONS = YES;
				CLANG_WARN_DIRECT_OBJC_ISA_USAGE = YES_ERROR;
				CLANG_WARN_DOCUMENTATION_COMMENTS = YES;
				CLANG_WARN_EMPTY_BODY = YES;
				CLANG_WARN_ENUM_CONVERSION = YES;
				CLANG_WARN_INFINITE_RECURSION = YES;
				CLANG_WARN_INT_CONVERSION = YES;
				CLANG_WARN_NON_LITERAL_NULL_CONVERSION = YES;
				CLANG_WARN_OBJC_IMPLICIT_RETAIN_SELF = YES;
				CLANG_WARN_OBJC_LITERAL_CONVERSION = YES;
				CLANG_WARN_OBJC_ROOT_CLASS = YES_ERROR;
				CLANG_WARN_QUOTED_INCLUDE_IN_FRAMEWORK_HEADER = YES;
				CLANG_WARN_RANGE_LOOP_ANALYSIS = YES;
				CLANG_WARN_STRICT_PROTOTYPES = YES;
				CLANG_WARN_SUSPICIOUS_MOVE = YES;
				CLANG_WARN_UNGUARDED_AVAILABILITY = YES_AGGRESSIVE;
				CLANG_WARN_UNREACHABLE_CODE = YES;
				CLANG_WARN__DUPLICATE_METHOD_MATCH = YES;
				COPY_PHASE_STRIP = NO;
				DEBUG_INFORMATION_FORMAT = dwarf;
				ENABLE_STRICT_OBJC_MSGSEND = YES;
				ENABLE_TESTABILITY = YES;
				GCC_C_LANGUAGE_STANDARD = gnu11;
				GCC_DYNAMIC_NO_PIC = NO;
				GCC_NO_COMMON_BLOCKS = YES;
				GCC_OPTIMIZATION_LEVEL = 0;
				GCC_PREPROCESSOR_DEFINITIONS = (
					"DEBUG=1",
					"$(inherited)",
				);
				GCC_WARN_64_TO_32_BIT_CONVERSION = YES;
				GCC_WARN_ABOUT_RETURN_TYPE = YES_ERROR;
				GCC_WARN_UNDECLARED_SELECTOR = YES;
				GCC_WARN_UNINITIALIZED_AUTOS = YES_AGGRESSIVE;
				GCC_WARN_UNUSED_FUNCTION = YES;
				GCC_WARN_UNUSED_VARIABLE = YES;
				IPHONEOS_DEPLOYMENT_TARGET = 16.4;
				MTL_ENABLE_DEBUG_INFO = INCLUDE_SOURCE;
				MTL_FAST_MATH = YES;
				ONLY_ACTIVE_ARCH = YES;
				SDKROOT = iphoneos;
				SWIFT_ACTIVE_COMPILATION_CONDITIONS = DEBUG;
				SWIFT_OPTIMIZATION_LEVEL = "-Onone";
			};
			name = Debug;
		};
		9FD8242C2AE1747D004B94D2 /* Release */ = {
			isa = XCBuildConfiguration;
			buildSettings = {
				ALWAYS_SEARCH_USER_PATHS = NO;
				CLANG_ANALYZER_NONNULL = YES;
				CLANG_ANALYZER_NUMBER_OBJECT_CONVERSION = YES_AGGRESSIVE;
				CLANG_CXX_LANGUAGE_STANDARD = "gnu++20";
				CLANG_ENABLE_MODULES = YES;
				CLANG_ENABLE_OBJC_ARC = YES;
				CLANG_ENABLE_OBJC_WEAK = YES;
				CLANG_WARN_BLOCK_CAPTURE_AUTORELEASING = YES;
				CLANG_WARN_BOOL_CONVERSION = YES;
				CLANG_WARN_COMMA = YES;
				CLANG_WARN_CONSTANT_CONVERSION = YES;
				CLANG_WARN_DEPRECATED_OBJC_IMPLEMENTATIONS = YES;
				CLANG_WARN_DIRECT_OBJC_ISA_USAGE = YES_ERROR;
				CLANG_WARN_DOCUMENTATION_COMMENTS = YES;
				CLANG_WARN_EMPTY_BODY = YES;
				CLANG_WARN_ENUM_CONVERSION = YES;
				CLANG_WARN_INFINITE_RECURSION = YES;
				CLANG_WARN_INT_CONVERSION = YES;
				CLANG_WARN_NON_LITERAL_NULL_CONVERSION = YES;
				CLANG_WARN_OBJC_IMPLICIT_RETAIN_SELF = YES;
				CLANG_WARN_OBJC_LITERAL_CONVERSION = YES;
				CLANG_WARN_OBJC_ROOT_CLASS = YES_ERROR;
				CLANG_WARN_QUOTED_INCLUDE_IN_FRAMEWORK_HEADER = YES;
				CLANG_WARN_RANGE_LOOP_ANALYSIS = YES;
				CLANG_WARN_STRICT_PROTOTYPES = YES;
				CLANG_WARN_SUSPICIOUS_MOVE = YES;
				CLANG_WARN_UNGUARDED_AVAILABILITY = YES_AGGRESSIVE;
				CLANG_WARN_UNREACHABLE_CODE = YES;
				CLANG_WARN__DUPLICATE_METHOD_MATCH = YES;
				COPY_PHASE_STRIP = NO;
				DEBUG_INFORMATION_FORMAT = "dwarf-with-dsym";
				ENABLE_NS_ASSERTIONS = NO;
				ENABLE_STRICT_OBJC_MSGSEND = YES;
				GCC_C_LANGUAGE_STANDARD = gnu11;
				GCC_NO_COMMON_BLOCKS = YES;
				GCC_WARN_64_TO_32_BIT_CONVERSION = YES;
				GCC_WARN_ABOUT_RETURN_TYPE = YES_ERROR;
				GCC_WARN_UNDECLARED_SELECTOR = YES;
				GCC_WARN_UNINITIALIZED_AUTOS = YES_AGGRESSIVE;
				GCC_WARN_UNUSED_FUNCTION = YES;
				GCC_WARN_UNUSED_VARIABLE = YES;
				IPHONEOS_DEPLOYMENT_TARGET = 16.4;
				MTL_ENABLE_DEBUG_INFO = NO;
				MTL_FAST_MATH = YES;
				SDKROOT = iphoneos;
				SWIFT_COMPILATION_MODE = wholemodule;
				SWIFT_OPTIMIZATION_LEVEL = "-O";
				VALIDATE_PRODUCT = YES;
			};
			name = Release;
		};
		9FD8242E2AE1747D004B94D2 /* Debug */ = {
			isa = XCBuildConfiguration;
			buildSettings = {
				ASSETCATALOG_COMPILER_APPICON_NAME = AppIcon;
				ASSETCATALOG_COMPILER_GLOBAL_ACCENT_COLOR_NAME = AccentColor;
				CODE_SIGN_STYLE = Automatic;
				CURRENT_PROJECT_VERSION = 1;
				DEVELOPMENT_TEAM = 78Y8FXX4RN;
				GENERATE_INFOPLIST_FILE = YES;
				INFOPLIST_FILE = flaxlabsnotes_uikit/Info.plist;
				INFOPLIST_KEY_UIApplicationSupportsIndirectInputEvents = YES;
				INFOPLIST_KEY_UILaunchStoryboardName = LaunchScreen;
				INFOPLIST_KEY_UIMainStoryboardFile = "";
				INFOPLIST_KEY_UISupportedInterfaceOrientations_iPad = "UIInterfaceOrientationPortrait UIInterfaceOrientationPortraitUpsideDown UIInterfaceOrientationLandscapeLeft UIInterfaceOrientationLandscapeRight";
				INFOPLIST_KEY_UISupportedInterfaceOrientations_iPhone = "UIInterfaceOrientationPortrait UIInterfaceOrientationLandscapeLeft UIInterfaceOrientationLandscapeRight";
				IPHONEOS_DEPLOYMENT_TARGET = 15.0;
				LD_RUNPATH_SEARCH_PATHS = (
					"$(inherited)",
					"@executable_path/Frameworks",
				);
				MARKETING_VERSION = 1.0;
				PRODUCT_BUNDLE_IDENTIFIER = "lucasfrench.flaxlabsnotes-uikit";
				PRODUCT_NAME = "$(TARGET_NAME)";
				SWIFT_EMIT_LOC_STRINGS = YES;
				SWIFT_VERSION = 5.0;
				TARGETED_DEVICE_FAMILY = "1,2";
			};
			name = Debug;
		};
		9FD8242F2AE1747D004B94D2 /* Release */ = {
			isa = XCBuildConfiguration;
			buildSettings = {
				ASSETCATALOG_COMPILER_APPICON_NAME = AppIcon;
				ASSETCATALOG_COMPILER_GLOBAL_ACCENT_COLOR_NAME = AccentColor;
				CODE_SIGN_STYLE = Automatic;
				CURRENT_PROJECT_VERSION = 1;
				DEVELOPMENT_TEAM = 78Y8FXX4RN;
				GENERATE_INFOPLIST_FILE = YES;
				INFOPLIST_FILE = flaxlabsnotes_uikit/Info.plist;
				INFOPLIST_KEY_UIApplicationSupportsIndirectInputEvents = YES;
				INFOPLIST_KEY_UILaunchStoryboardName = LaunchScreen;
				INFOPLIST_KEY_UIMainStoryboardFile = "";
				INFOPLIST_KEY_UISupportedInterfaceOrientations_iPad = "UIInterfaceOrientationPortrait UIInterfaceOrientationPortraitUpsideDown UIInterfaceOrientationLandscapeLeft UIInterfaceOrientationLandscapeRight";
				INFOPLIST_KEY_UISupportedInterfaceOrientations_iPhone = "UIInterfaceOrientationPortrait UIInterfaceOrientationLandscapeLeft UIInterfaceOrientationLandscapeRight";
				IPHONEOS_DEPLOYMENT_TARGET = 15.0;
				LD_RUNPATH_SEARCH_PATHS = (
					"$(inherited)",
					"@executable_path/Frameworks",
				);
				MARKETING_VERSION = 1.0;
				PRODUCT_BUNDLE_IDENTIFIER = "lucasfrench.flaxlabsnotes-uikit";
				PRODUCT_NAME = "$(TARGET_NAME)";
				SWIFT_EMIT_LOC_STRINGS = YES;
				SWIFT_VERSION = 5.0;
				TARGETED_DEVICE_FAMILY = "1,2";
			};
			name = Release;
		};
/* End XCBuildConfiguration section */

/* Begin XCConfigurationList section */
		9FD824142AE1747C004B94D2 /* Build configuration list for PBXProject "flaxlabsnotes_uikit" */ = {
			isa = XCConfigurationList;
			buildConfigurations = (
				9FD8242B2AE1747D004B94D2 /* Debug */,
				9FD8242C2AE1747D004B94D2 /* Release */,
			);
			defaultConfigurationIsVisible = 0;
			defaultConfigurationName = Release;
		};
		9FD8242D2AE1747D004B94D2 /* Build configuration list for PBXNativeTarget "flaxlabsnotes_uikit" */ = {
			isa = XCConfigurationList;
			buildConfigurations = (
				9FD8242E2AE1747D004B94D2 /* Debug */,
				9FD8242F2AE1747D004B94D2 /* Release */,
			);
			defaultConfigurationIsVisible = 0;
			defaultConfigurationName = Release;
		};
/* End XCConfigurationList section */

/* Begin XCRemoteSwiftPackageReference section */
		9FD8243D2AE20199004B94D2 /* XCRemoteSwiftPackageReference "firebase-ios-sdk" */ = {
			isa = XCRemoteSwiftPackageReference;
			repositoryURL = "https://github.com/firebase/firebase-ios-sdk.git";
			requirement = {
				kind = upToNextMajorVersion;
				minimumVersion = 10.0.0;
			};
		};
		9FD824492AE21243004B94D2 /* XCRemoteSwiftPackageReference "SwiftyJSON" */ = {
			isa = XCRemoteSwiftPackageReference;
			repositoryURL = "https://github.com/SwiftyJSON/SwiftyJSON.git";
			requirement = {
				kind = upToNextMajorVersion;
				minimumVersion = 5.0.0;
			};
		};
/* End XCRemoteSwiftPackageReference section */

/* Begin XCSwiftPackageProductDependency section */
		9FD8243E2AE20199004B94D2 /* FirebaseAuth */ = {
			isa = XCSwiftPackageProductDependency;
			package = 9FD8243D2AE20199004B94D2 /* XCRemoteSwiftPackageReference "firebase-ios-sdk" */;
			productName = FirebaseAuth;
		};
		9FD824402AE20199004B94D2 /* FirebaseDatabase */ = {
			isa = XCSwiftPackageProductDependency;
			package = 9FD8243D2AE20199004B94D2 /* XCRemoteSwiftPackageReference "firebase-ios-sdk" */;
			productName = FirebaseDatabase;
		};
		9FD824422AE20199004B94D2 /* FirebaseDatabaseSwift */ = {
			isa = XCSwiftPackageProductDependency;
			package = 9FD8243D2AE20199004B94D2 /* XCRemoteSwiftPackageReference "firebase-ios-sdk" */;
			productName = FirebaseDatabaseSwift;
		};
		9FD8244A2AE21243004B94D2 /* SwiftyJSON */ = {
			isa = XCSwiftPackageProductDependency;
			package = 9FD824492AE21243004B94D2 /* XCRemoteSwiftPackageReference "SwiftyJSON" */;
			productName = SwiftyJSON;
		};
/* End XCSwiftPackageProductDependency section */
	};
	rootObject = 9FD824112AE1747C004B94D2 /* Project object */;
}
